
Microsoft Visual Studio Solution File, Format Version 12.00
# Visual Studio Version 16
VisualStudioVersion = 16.0.28729.10
MinimumVisualStudioVersion = 10.0.40219.1
Project("{FAE04EC0-301F-11D3-BF4B-00C04F79EFBC}") = "WcfService", "WcfService\WcfService.csproj", "{DF905DC7-8562-4964-BA57-6FDBB77360A4}"
EndProject
Global
	GlobalSection(SolutionConfigurationPlatforms) = preSolution
		Debug|Any CPU = Debug|Any CPU
		Release|Any CPU = Release|Any CPU
	EndGlobalSection
	GlobalSection(ProjectConfigurationPlatforms) = postSolution
		{DF905DC7-8562-4964-BA57-6FDBB77360A4}.Debug|Any CPU.ActiveCfg = Debug|Any CPU
		{DF905DC7-8562-4964-BA57-6FDBB77360A4}.Debug|Any CPU.Build.0 = Debug|Any CPU
		{DF905DC7-8562-4964-BA57-6FDBB77360A4}.Release|Any CPU.ActiveCfg = Release|Any CPU
		{DF905DC7-8562-4964-BA57-6FDBB77360A4}.Release|Any CPU.Build.0 = Release|Any CPU
	EndGlobalSection
	GlobalSection(SolutionProperties) = preSolution
		HideSolutionNode = FALSE
	EndGlobalSection
	GlobalSection(ExtensibilityGlobals) = postSolution
		SolutionGuid = {0BB68B06-CA63-4B35-BA76-7531D1A29A42}
	EndGlobalSection
EndGlobal
